
Microsoft Visual Studio Solution File, Format Version 12.00
# Visual Studio Version 16
VisualStudioVersion = 16.0.29025.244
MinimumVisualStudioVersion = 10.0.40219.1
Project("{FAE04EC0-301F-11D3-BF4B-00C04F79EFBC}") = "Projeto sql", "Projeto sql\Projeto sql.csproj", "{8DF05817-4894-40C4-B74A-324DDFB9BADB}"
EndProject
Global
	GlobalSection(SolutionConfigurationPlatforms) = preSolution
		Debug|Any CPU = Debug|Any CPU
		Release|Any CPU = Release|Any CPU
	EndGlobalSection
	GlobalSection(ProjectConfigurationPlatforms) = postSolution
		{8DF05817-4894-40C4-B74A-324DDFB9BADB}.Debug|Any CPU.ActiveCfg = Debug|Any CPU
		{8DF05817-4894-40C4-B74A-324DDFB9BADB}.Debug|Any CPU.Build.0 = Debug|Any CPU
		{8DF05817-4894-40C4-B74A-324DDFB9BADB}.Release|Any CPU.ActiveCfg = Release|Any CPU
		{8DF05817-4894-40C4-B74A-324DDFB9BADB}.Release|Any CPU.Build.0 = Release|Any CPU
	EndGlobalSection
	GlobalSection(SolutionProperties) = preSolution
		HideSolutionNode = FALSE
	EndGlobalSection
	GlobalSection(ExtensibilityGlobals) = postSolution
		SolutionGuid = {13F121F9-CF8B-495C-9FB4-EE294F1E9860}
	EndGlobalSection
EndGlobal
